dependencies:
- name: postgresql
  repository: https://kubernetes-charts.storage.googleapis.com/
  version: 0.11.1
- name: kafka
  repository: https://kubernetes-charts-incubator.storage.googleapis.com/
  version: 0.7.0
- name: redis
  repository: https://kubernetes-charts.storage.googleapis.com/
  version: 3.2.2
digest: sha256:dfde615edcf784575d05f53ee8b88300c0f2e7a05827e96e5f9035089e3fe5e6
generated: 2018-05-10T16:10:25.351005481+03:00
